
Microsoft Visual Studio Solution File, Format Version 12.00
# Visual Studio 15
VisualStudioVersion = 15.0.26124.0
MinimumVisualStudioVersion = 15.0.26124.0
Project("{9A19103F-16F7-4668-BE54-9A1E7A4F7556}") = "Generator.Client.Desktop", "Generator.Client.Desktop\Generator.Client.Desktop.csproj", "{41D643BC-D228-4100-9497-AFE1E88241F7}"
EndProject
Project("{9A19103F-16F7-4668-BE54-9A1E7A4F7556}") = "Generator.Shared", "Generator.Shared\Generator.Shared.csproj", "{E67D1D77-7045-41C8-B6CF-430B79317AC2}"
EndProject
Project("{FAE04EC0-301F-11D3-BF4B-00C04F79EFBC}") = "Generator.Client.CommandLine", "Generator.Client.CommandLine\Generator.Client.CommandLine.csproj", "{40BC2431-A6BA-4A64-BD4E-D620DCC30F8A}"
EndProject
Global
	GlobalSection(SolutionConfigurationPlatforms) = preSolution
		Debug|Any CPU = Debug|Any CPU
		Debug|x64 = Debug|x64
		Debug|x86 = Debug|x86
		Release|Any CPU = Release|Any CPU
		Release|x64 = Release|x64
		Release|x86 = Release|x86
	EndGlobalSection
	GlobalSection(ProjectConfigurationPlatforms) = postSolution
		{41D643BC-D228-4100-9497-AFE1E88241F7}.Debug|Any CPU.ActiveCfg = Debug|Any CPU
		{41D643BC-D228-4100-9497-AFE1E88241F7}.Debug|Any CPU.Build.0 = Debug|Any CPU
		{41D643BC-D228-4100-9497-AFE1E88241F7}.Debug|x64.ActiveCfg = Debug|Any CPU
		{41D643BC-D228-4100-9497-AFE1E88241F7}.Debug|x64.Build.0 = Debug|Any CPU
		{41D643BC-D228-4100-9497-AFE1E88241F7}.Debug|x86.ActiveCfg = Debug|Any CPU
		{41D643BC-D228-4100-9497-AFE1E88241F7}.Debug|x86.Build.0 = Debug|Any CPU
		{41D643BC-D228-4100-9497-AFE1E88241F7}.Release|Any CPU.ActiveCfg = Release|Any CPU
		{41D643BC-D228-4100-9497-AFE1E88241F7}.Release|Any CPU.Build.0 = Release|Any CPU
		{41D643BC-D228-4100-9497-AFE1E88241F7}.Release|x64.ActiveCfg = Release|Any CPU
		{41D643BC-D228-4100-9497-AFE1E88241F7}.Release|x64.Build.0 = Release|Any CPU
		{41D643BC-D228-4100-9497-AFE1E88241F7}.Release|x86.ActiveCfg = Release|Any CPU
		{41D643BC-D228-4100-9497-AFE1E88241F7}.Release|x86.Build.0 = Release|Any CPU
		{E67D1D77-7045-41C8-B6CF-430B79317AC2}.Debug|Any CPU.ActiveCfg = Debug|Any CPU
		{E67D1D77-7045-41C8-B6CF-430B79317AC2}.Debug|Any CPU.Build.0 = Debug|Any CPU
		{E67D1D77-7045-41C8-B6CF-430B79317AC2}.Debug|x64.ActiveCfg = Debug|Any CPU
		{E67D1D77-7045-41C8-B6CF-430B79317AC2}.Debug|x64.Build.0 = Debug|Any CPU
		{E67D1D77-7045-41C8-B6CF-430B79317AC2}.Debug|x86.ActiveCfg = Debug|Any CPU
		{E67D1D77-7045-41C8-B6CF-430B79317AC2}.Debug|x86.Build.0 = Debug|Any CPU
		{E67D1D77-7045-41C8-B6CF-430B79317AC2}.Release|Any CPU.ActiveCfg = Release|Any CPU
		{E67D1D77-7045-41C8-B6CF-430B79317AC2}.Release|Any CPU.Build.0 = Release|Any CPU
		{E67D1D77-7045-41C8-B6CF-430B79317AC2}.Release|x64.ActiveCfg = Release|Any CPU
		{E67D1D77-7045-41C8-B6CF-430B79317AC2}.Release|x64.Build.0 = Release|Any CPU
		{E67D1D77-7045-41C8-B6CF-430B79317AC2}.Release|x86.ActiveCfg = Release|Any CPU
		{E67D1D77-7045-41C8-B6CF-430B79317AC2}.Release|x86.Build.0 = Release|Any CPU
		{40BC2431-A6BA-4A64-BD4E-D620DCC30F8A}.Debug|Any CPU.ActiveCfg = Debug|Any CPU
		{40BC2431-A6BA-4A64-BD4E-D620DCC30F8A}.Debug|Any CPU.Build.0 = Debug|Any CPU
		{40BC2431-A6BA-4A64-BD4E-D620DCC30F8A}.Debug|x64.ActiveCfg = Debug|Any CPU
		{40BC2431-A6BA-4A64-BD4E-D620DCC30F8A}.Debug|x64.Build.0 = Debug|Any CPU
		{40BC2431-A6BA-4A64-BD4E-D620DCC30F8A}.Debug|x86.ActiveCfg = Debug|Any CPU
		{40BC2431-A6BA-4A64-BD4E-D620DCC30F8A}.Debug|x86.Build.0 = Debug|Any CPU
		{40BC2431-A6BA-4A64-BD4E-D620DCC30F8A}.Release|Any CPU.ActiveCfg = Release|Any CPU
		{40BC2431-A6BA-4A64-BD4E-D620DCC30F8A}.Release|Any CPU.Build.0 = Release|Any CPU
		{40BC2431-A6BA-4A64-BD4E-D620DCC30F8A}.Release|x64.ActiveCfg = Release|Any CPU
		{40BC2431-A6BA-4A64-BD4E-D620DCC30F8A}.Release|x64.Build.0 = Release|Any CPU
		{40BC2431-A6BA-4A64-BD4E-D620DCC30F8A}.Release|x86.ActiveCfg = Release|Any CPU
		{40BC2431-A6BA-4A64-BD4E-D620DCC30F8A}.Release|x86.Build.0 = Release|Any CPU
	EndGlobalSection
	GlobalSection(SolutionProperties) = preSolution
		HideSolutionNode = FALSE
	EndGlobalSection
	GlobalSection(ExtensibilityGlobals) = postSolution
		SolutionGuid = {F20A992F-1090-45F3-87F7-5B27A3DE05CC}
	EndGlobalSection
EndGlobal
